{
  "nodes": {
    "bufdelete-nvim": {
      "flake": false,
      "locked": {
        "lastModified": 1665135242,
        "narHash": "sha256-Zu1G3nt14vnEzjsy55IZAGCHHqPOQLZw2YcA1LcsSmI=",
        "owner": "famiu",
        "repo": "bufdelete.nvim",
        "rev": "e88dbe0ba5829119d8edb5fc69d3c8553e324a93",
        "type": "github"
      },
      "original": {
        "owner": "famiu",
        "repo": "bufdelete.nvim",
        "type": "github"
      }
    },
    "cmp-buffer": {
      "flake": false,
      "locked": {
        "lastModified": 1660101488,
        "narHash": "sha256-dG4U7MtnXThoa/PD+qFtCt76MQ14V1wX8GMYcvxEnbM=",
        "owner": "hrsh7th",
        "repo": "cmp-buffer",
        "rev": "3022dbc9166796b644a841a02de8dd1cc1d311fa",
        "type": "github"
      },
      "original": {
        "owner": "hrsh7th",
        "repo": "cmp-buffer",
        "type": "github"
      }
    },
    "cmp-nvim-lsp": {
      "flake": false,
      "locked": {
        "lastModified": 1667026972,
        "narHash": "sha256-amY87Q2HQseMoEFJW8YFf6k5UUWru52498EoDs4m9r8=",
        "owner": "hrsh7th",
        "repo": "cmp-nvim-lsp",
        "rev": "78924d1d677b29b3d1fe429864185341724ee5a2",
        "type": "github"
      },
      "original": {
        "owner": "hrsh7th",
        "repo": "cmp-nvim-lsp",
        "type": "github"
      }
    },
    "cmp-path": {
      "flake": false,
      "locked": {
        "lastModified": 1664784283,
        "narHash": "sha256-thppiiV3wjIaZnAXmsh7j3DUc6ceSCvGzviwFUnoPaI=",
        "owner": "hrsh7th",
        "repo": "cmp-path",
        "rev": "91ff86cd9c29299a64f968ebb45846c485725f23",
        "type": "github"
      },
      "original": {
        "owner": "hrsh7th",
        "repo": "cmp-path",
        "type": "github"
      }
    },
    "cmp-treesitter": {
      "flake": false,
      "locked": {
        "lastModified": 1666995820,
        "narHash": "sha256-+dOqV9QqN+s1no8vfL6DNeFBc2dYyduQqAH5zVwm3Rw=",
        "owner": "ray-x",
        "repo": "cmp-treesitter",
        "rev": "b40178b780d547bcf131c684bc5fd41af17d05f2",
        "type": "github"
      },
      "original": {
        "owner": "ray-x",
        "repo": "cmp-treesitter",
        "type": "github"
      }
    },
    "cmp-vsnip": {
      "flake": false,
      "locked": {
        "lastModified": 1666011854,
        "narHash": "sha256-YwtqH3ZTGGERN/cP1X/tXPcvSAx5xR7znZsCFFQQC7M=",
        "owner": "hrsh7th",
        "repo": "cmp-vsnip",
        "rev": "1ae05c6c867d9ad44bce811056e861e0d5c531cb",
        "type": "github"
      },
      "original": {
        "owner": "hrsh7th",
        "repo": "cmp-vsnip",
        "type": "github"
      }
    },
    "crates-nvim": {
      "flake": false,
      "locked": {
        "lastModified": 1664139450,
        "narHash": "sha256-7CANmQ9yFBYHd6Gsiju3LSdNuR0RLAR/yuV1XdqiPGY=",
        "owner": "Saecki",
        "repo": "crates.nvim",
        "rev": "1dffccc0a95f656ebe00cacb4de282473430c5a1",
        "type": "github"
      },
      "original": {
        "owner": "Saecki",
        "repo": "crates.nvim",
        "type": "github"
      }
    },
    "flake-utils": {
      "locked": {
        "lastModified": 1659877975,
        "narHash": "sha256-zllb8aq3YO3h8B/U0/J1WBgAL8EX5yWf5pMj3G0NAmc=",
        "owner": "numtide",
        "repo": "flake-utils",
        "rev": "c0e246b9b83f637f4681389ecabcb2681b4f3af0",
        "type": "github"
      },
      "original": {
        "owner": "numtide",
        "repo": "flake-utils",
        "type": "github"
      }
    },
    "flake-utils_2": {
      "locked": {
        "lastModified": 1667077288,
        "narHash": "sha256-bdC8sFNDpT0HK74u9fUkpbf1MEzVYJ+ka7NXCdgBoaA=",
        "owner": "numtide",
        "repo": "flake-utils",
        "rev": "6ee9ebb6b1ee695d2cacc4faa053a7b9baa76817",
        "type": "github"
      },
      "original": {
        "id": "flake-utils",
        "type": "indirect"
      }
    },
    "flake-utils_3": {
      "locked": {
        "lastModified": 1659877975,
        "narHash": "sha256-zllb8aq3YO3h8B/U0/J1WBgAL8EX5yWf5pMj3G0NAmc=",
        "owner": "numtide",
        "repo": "flake-utils",
        "rev": "c0e246b9b83f637f4681389ecabcb2681b4f3af0",
        "type": "github"
      },
      "original": {
        "owner": "numtide",
        "repo": "flake-utils",
        "type": "github"
      }
    },
    "gitsigns-nvim": {
      "flake": false,
      "locked": {
        "lastModified": 1667233331,
        "narHash": "sha256-dpCw1JsYfr+dwxRUrqBJvq8nAARI3m5MHIbMRN/3j2w=",
        "owner": "lewis6991",
        "repo": "gitsigns.nvim",
        "rev": "d3a8ba0b0d34bbac482b963e52b346065169fa20",
        "type": "github"
      },
      "original": {
        "owner": "lewis6991",
        "repo": "gitsigns.nvim",
        "type": "github"
      }
    },
    "glow-nvim": {
      "flake": false,
      "locked": {
        "lastModified": 1665163771,
        "narHash": "sha256-aglnSFU/RN0zgRllRFeNw2MciQugNIUdEiNUgt6hiXQ=",
        "owner": "ellisonleao",
        "repo": "glow.nvim",
        "rev": "9038d7cdd76a930973b6158d800c8dbc02236a4b",
        "type": "github"
      },
      "original": {
        "owner": "ellisonleao",
        "repo": "glow.nvim",
        "type": "github"
      }
    },
    "indent-blankline": {
      "flake": false,
      "locked": {
        "lastModified": 1662104776,
        "narHash": "sha256-d+G+tLdvD8OxENIRobAv0ATl4gGQdoz3RPuBrPA3PuU=",
        "owner": "lukas-reineke",
        "repo": "indent-blankline.nvim",
        "rev": "db7cbcb40cc00fc5d6074d7569fb37197705e7f6",
        "type": "github"
      },
      "original": {
        "owner": "lukas-reineke",
        "repo": "indent-blankline.nvim",
        "type": "github"
      }
    },
    "kommentary": {
      "flake": false,
      "locked": {
        "lastModified": 1653669469,
        "narHash": "sha256-YPIV/y4BPna2yqDGKxfjDnC6eZGMqOunYrTv1uLd/NE=",
        "owner": "b3nj5m1n",
        "repo": "kommentary",
        "rev": "533d768a140b248443da8346b88e88db704212ab",
        "type": "github"
      },
      "original": {
        "owner": "b3nj5m1n",
        "repo": "kommentary",
        "type": "github"
      }
    },
    "lsp-signature": {
      "flake": false,
      "locked": {
        "lastModified": 1667088231,
        "narHash": "sha256-lyHxk+BgwHGYkypeoho9gZOHs/Ue7RY59Wma0XozgK8=",
        "owner": "ray-x",
        "repo": "lsp_signature.nvim",
        "rev": "7a1845e8b5fc68dc5ea2a1a7d2d2b04395b6b190",
        "type": "github"
      },
      "original": {
        "owner": "ray-x",
        "repo": "lsp_signature.nvim",
        "type": "github"
      }
    },
    "lspkind": {
      "flake": false,
      "locked": {
        "lastModified": 1663824370,
        "narHash": "sha256-WwUQ+O2rIfD4yl0GFx70GsZc9nnhS7b2KWfNdaXCLmM=",
        "owner": "onsails",
        "repo": "lspkind-nvim",
        "rev": "c68b3a003483cf382428a43035079f78474cd11e",
        "type": "github"
      },
      "original": {
        "owner": "onsails",
        "repo": "lspkind-nvim",
        "type": "github"
      }
    },
    "lspsaga": {
      "flake": false,
      "locked": {
        "lastModified": 1660979813,
        "narHash": "sha256-z7ZEo/kqtH6NvwCK/wNoN1Q37+nDArqcvSjYo+wwmcA=",
        "owner": "tami5",
        "repo": "lspsaga.nvim",
        "rev": "9ec569a49aa7ff265764081acff9e5da839c13fe",
        "type": "github"
      },
      "original": {
        "owner": "tami5",
        "repo": "lspsaga.nvim",
        "type": "github"
      }
    },
    "lualine": {
      "flake": false,
      "locked": {
        "lastModified": 1666536099,
        "narHash": "sha256-pjpxV59Ej7tCvReP5nFi/h1veGwzLdw3PILC89+f488=",
        "owner": "hoob3rt",
        "repo": "lualine.nvim",
        "rev": "3325d5d43a7a2bc9baeef2b7e58e1d915278beaf",
        "type": "github"
      },
      "original": {
        "owner": "hoob3rt",
        "repo": "lualine.nvim",
        "type": "github"
      }
    },
    "my-nvim": {
      "inputs": {
        "bufdelete-nvim": "bufdelete-nvim",
        "cmp-buffer": "cmp-buffer",
        "cmp-nvim-lsp": "cmp-nvim-lsp",
        "cmp-path": "cmp-path",
        "cmp-treesitter": "cmp-treesitter",
        "cmp-vsnip": "cmp-vsnip",
        "crates-nvim": "crates-nvim",
        "flake-utils": "flake-utils_2",
        "gitsigns-nvim": "gitsigns-nvim",
        "glow-nvim": "glow-nvim",
        "indent-blankline": "indent-blankline",
        "kommentary": "kommentary",
        "lsp-signature": "lsp-signature",
        "lspkind": "lspkind",
        "lspsaga": "lspsaga",
        "lualine": "lualine",
        "neovimUnwrapped": "neovimUnwrapped",
        "nightfox": "nightfox",
        "nixpkgs": "nixpkgs_2",
        "null-ls": "null-ls",
        "nvim-autopairs": "nvim-autopairs",
        "nvim-bufferline-lua": "nvim-bufferline-lua",
        "nvim-cmp": "nvim-cmp",
        "nvim-code-action-menu": "nvim-code-action-menu",
        "nvim-compe": "nvim-compe",
        "nvim-cursorline": "nvim-cursorline",
        "nvim-lightbulb": "nvim-lightbulb",
        "nvim-lspconfig": "nvim-lspconfig",
        "nvim-neoclip": "nvim-neoclip",
        "nvim-tree-lua": "nvim-tree-lua",
        "nvim-treesitter": "nvim-treesitter",
        "nvim-treesitter-context": "nvim-treesitter-context",
        "nvim-ts-autotag": "nvim-ts-autotag",
        "nvim-web-devicons": "nvim-web-devicons",
        "onedark": "onedark",
        "plenary-nvim": "plenary-nvim",
        "registers": "registers",
        "rnix-lsp": "rnix-lsp",
        "rust-tools": "rust-tools",
        "sqls-nvim": "sqls-nvim",
        "telescope": "telescope",
        "todo-comments": "todo-comments",
        "tokyonight": "tokyonight",
        "trouble": "trouble",
        "vim-terraform": "vim-terraform",
        "vim-vsnip": "vim-vsnip",
        "which-key": "which-key"
      },
      "locked": {
        "lastModified": 1667503023,
        "narHash": "sha256-gY+mkVbHS5g9gpYfP5GYCGmgof+MC26DtrbclWT+naw=",
        "owner": "emattiza",
        "repo": "neovim-flake",
        "rev": "95e4e6de2063087010dd47e1524c58d527c32185",
        "type": "github"
      },
      "original": {
        "owner": "emattiza",
        "ref": "terafox-tweak",
        "repo": "neovim-flake",
        "type": "github"
      }
    },
    "naersk": {
      "inputs": {
        "nixpkgs": [
          "my-nvim",
          "rnix-lsp",
          "nixpkgs"
        ]
      },
      "locked": {
        "lastModified": 1655042882,
        "narHash": "sha256-9BX8Fuez5YJlN7cdPO63InoyBy7dm3VlJkkmTt6fS1A=",
        "owner": "nix-community",
        "repo": "naersk",
        "rev": "cddffb5aa211f50c4b8750adbec0bbbdfb26bb9f",
        "type": "github"
      },
      "original": {
        "owner": "nix-community",
        "repo": "naersk",
        "type": "github"
      }
    },
    "neovimUnwrapped": {
      "inputs": {
        "flake-utils": "flake-utils_3",
        "nixpkgs": "nixpkgs"
      },
      "locked": {
        "dir": "contrib",
        "lastModified": 1664550913,
        "narHash": "sha256-mVeVjkP8JpTi2aW59ZuzQPi5YvEySVAtxko7xxAx/es=",
        "owner": "neovim",
        "repo": "neovim",
        "rev": "d367ed9b23d481998d297d812f54b950e5511c24",
        "type": "github"
      },
      "original": {
        "dir": "contrib",
        "owner": "neovim",
        "ref": "v0.8.0",
        "repo": "neovim",
        "type": "github"
      }
    },
    "nightfox": {
      "flake": false,
      "locked": {
        "lastModified": 1666972442,
        "narHash": "sha256-7ngTCx4pdAzcZj0WNd0rtDPDE9Blw/BqpF+YgS533iY=",
        "owner": "EdenEast",
        "repo": "nightfox.nvim",
        "rev": "db26a92fc0175c9ffaa27db489308e306823ed3f",
        "type": "github"
      },
      "original": {
        "owner": "EdenEast",
        "repo": "nightfox.nvim",
        "type": "github"
      }
    },
    "nixpkgs": {
      "locked": {
        "lastModified": 1662019588,
        "narHash": "sha256-oPEjHKGGVbBXqwwL+UjsveJzghWiWV0n9ogo1X6l4cw=",
        "owner": "nixos",
        "repo": "nixpkgs",
        "rev": "2da64a81275b68fdad38af669afeda43d401e94b",
        "type": "github"
      },
      "original": {
        "owner": "nixos",
        "ref": "nixos-unstable",
        "repo": "nixpkgs",
        "type": "github"
      }
    },
    "nixpkgs_2": {
      "locked": {
        "lastModified": 1667292599,
        "narHash": "sha256-7ISOUI1aj6UKMPIL+wwthENL22L3+A9V+jS8Is3QsRo=",
        "owner": "nixos",
        "repo": "nixpkgs",
        "rev": "ef2f213d9659a274985778bff4ca322f3ef3ac68",
        "type": "github"
      },
      "original": {
        "owner": "nixos",
        "ref": "nixpkgs-unstable",
        "repo": "nixpkgs",
        "type": "github"
      }
    },
    "nixpkgs_3": {
      "locked": {
        "lastModified": 1656753965,
        "narHash": "sha256-BCrB3l0qpJokOnIVc3g2lHiGhnjUi0MoXiw6t1o8H1E=",
        "owner": "nixos",
        "repo": "nixpkgs",
        "rev": "0ea7a8f1b939d74e5df8af9a8f7342097cdf69eb",
        "type": "github"
      },
      "original": {
        "owner": "nixos",
        "ref": "nixos-unstable",
        "repo": "nixpkgs",
        "type": "github"
      }
    },
    "nixpkgs_4": {
      "locked": {
        "lastModified": 1661720780,
        "narHash": "sha256-AJNGyaB2eKZAYaPNjBZOzap87yL+F9ZLaFzzMkvega0=",
        "owner": "NixOS",
        "repo": "nixpkgs",
        "rev": "a63021a330d8d33d862a8e29924b42d73037dd37",
        "type": "github"
      },
      "original": {
        "owner": "NixOS",
        "ref": "nixos-unstable",
        "repo": "nixpkgs",
        "type": "github"
      }
    },
    "null-ls": {
      "flake": false,
      "locked": {
        "lastModified": 1666791382,
        "narHash": "sha256-zzOTWXW9HlzGbX8OnvrimuY1EiUAM5Il1Loi0UPpFBQ=",
        "owner": "jose-elias-alvarez",
        "repo": "null-ls.nvim",
        "rev": "f1add2302e6a01531a007c51054392d2029dbed4",
        "type": "github"
      },
      "original": {
        "owner": "jose-elias-alvarez",
        "repo": "null-ls.nvim",
        "type": "github"
      }
    },
    "nvim-autopairs": {
      "flake": false,
      "locked": {
        "lastModified": 1666867571,
        "narHash": "sha256-O9QRLKr6I2csBxKE6fyvkcA7Vgs7PjaQSC4bB7yaWtE=",
        "owner": "windwp",
        "repo": "nvim-autopairs",
        "rev": "6b6e35fc9aca1030a74cc022220bc22ea6c5daf4",
        "type": "github"
      },
      "original": {
        "owner": "windwp",
        "repo": "nvim-autopairs",
        "type": "github"
      }
    },
    "nvim-bufferline-lua": {
      "flake": false,
      "locked": {
        "lastModified": 1666946323,
        "narHash": "sha256-Gb3fHut/wBPCtgp916FOQ0x1D5kijj7iZhYe7AlpQRM=",
        "owner": "akinsho",
        "repo": "nvim-bufferline.lua",
        "rev": "028a87933d99f8bb88f2f70a4def3ff9574f3594",
        "type": "github"
      },
      "original": {
        "owner": "akinsho",
        "ref": "v3.1.0",
        "repo": "nvim-bufferline.lua",
        "type": "github"
      }
    },
    "nvim-cmp": {
      "flake": false,
      "locked": {
        "lastModified": 1667005481,
        "narHash": "sha256-FqCrXjjMbYd8D7BdvixQeMGCL1FF551LEfBW1f0o6/w=",
        "owner": "hrsh7th",
        "repo": "nvim-cmp",
        "rev": "9bb8ee6e2d6ab3c8cc53323b79f05886bc722faa",
        "type": "github"
      },
      "original": {
        "owner": "hrsh7th",
        "repo": "nvim-cmp",
        "type": "github"
      }
    },
    "nvim-code-action-menu": {
      "flake": false,
      "locked": {
        "lastModified": 1665127936,
        "narHash": "sha256-QvSP4ADZV0bCJTv3lwUNcVN/wr5XZ04d1/KIzKfLbqM=",
        "owner": "weilbith",
        "repo": "nvim-code-action-menu",
        "rev": "58e12501ea028ff1171f8f06ea53891f7c6e1c3f",
        "type": "github"
      },
      "original": {
        "owner": "weilbith",
        "repo": "nvim-code-action-menu",
        "type": "github"
      }
    },
    "nvim-compe": {
      "flake": false,
      "locked": {
        "lastModified": 1633188506,
        "narHash": "sha256-Y2oqvsuAKM3qjmmtJVD9z34682eCRF25kPL+rxhhg7I=",
        "owner": "hrsh7th",
        "repo": "nvim-compe",
        "rev": "d186d739c54823e0b010feb205c6f97792322c08",
        "type": "github"
      },
      "original": {
        "owner": "hrsh7th",
        "repo": "nvim-compe",
        "type": "github"
      }
    },
    "nvim-cursorline": {
      "flake": false,
      "locked": {
        "lastModified": 1650034925,
        "narHash": "sha256-Uhw65p1KBjs8KsVOmTzuiu3XKclxBob8AVdWEt30C/8=",
        "owner": "yamatsum",
        "repo": "nvim-cursorline",
        "rev": "804f0023692653b2b2368462d67d2a87056947f9",
        "type": "github"
      },
      "original": {
        "owner": "yamatsum",
        "repo": "nvim-cursorline",
        "type": "github"
      }
    },
    "nvim-lightbulb": {
      "flake": false,
      "locked": {
        "lastModified": 1661474119,
        "narHash": "sha256-nw6H/dS4dHdrobnrfJVa8urWrMnbTWrA5bQJy9xbKXY=",
        "owner": "kosayoda",
        "repo": "nvim-lightbulb",
        "rev": "56b9ce31ec9d09d560fe8787c0920f76bc208297",
        "type": "github"
      },
      "original": {
        "owner": "kosayoda",
        "repo": "nvim-lightbulb",
        "type": "github"
      }
    },
    "nvim-lspconfig": {
      "flake": false,
      "locked": {
        "lastModified": 1667287599,
        "narHash": "sha256-qLESFhjOoj948fb3Cf+0zw5R/PdQmMokBU8G1+Qxbq8=",
        "owner": "neovim",
        "repo": "nvim-lspconfig",
        "rev": "5f4b1fa83c80f43e434c1fb227967dac9ad8f44c",
        "type": "github"
      },
      "original": {
        "owner": "neovim",
        "ref": "master",
        "repo": "nvim-lspconfig",
        "type": "github"
      }
    },
    "nvim-neoclip": {
      "flake": false,
      "locked": {
        "lastModified": 1665642610,
        "narHash": "sha256-71rPSi399WnHOebIQJnhjBzLRpi8n0EpXckjrmCOvKc=",
        "owner": "AckslD",
        "repo": "nvim-neoclip.lua",
        "rev": "3e0b9a134838c7356d743f84a272c92410c47d8d",
        "type": "github"
      },
      "original": {
        "owner": "AckslD",
        "repo": "nvim-neoclip.lua",
        "type": "github"
      }
    },
    "nvim-tree-lua": {
      "flake": false,
      "locked": {
        "lastModified": 1667258680,
        "narHash": "sha256-sByPOh4Dw/F3HXIwU2McM74NpovvGXtD6QnaumjTglc=",
        "owner": "kyazdani42",
        "repo": "nvim-tree.lua",
        "rev": "6ca6f99e7689c68679e8f0a58b421545ff52931f",
        "type": "github"
      },
      "original": {
        "owner": "kyazdani42",
        "repo": "nvim-tree.lua",
        "type": "github"
      }
    },
    "nvim-treesitter": {
      "flake": false,
      "locked": {
        "lastModified": 1667339826,
        "narHash": "sha256-OMTi1rwnCbDotl+izfs6vwbaERlZjwBOMzSWgqJCB+c=",
        "owner": "nvim-treesitter",
        "repo": "nvim-treesitter",
        "rev": "c6992f69d303cee0b43fd59125cb7afb0262d8fe",
        "type": "github"
      },
      "original": {
        "owner": "nvim-treesitter",
        "repo": "nvim-treesitter",
        "type": "github"
      }
    },
    "nvim-treesitter-context": {
      "flake": false,
      "locked": {
        "lastModified": 1652175020,
        "narHash": "sha256-dYw/Y6+Eni7gTSjvCCl7E6ho8xSTxDYAwH3xGEhf54Q=",
        "owner": "lewis6991",
        "repo": "nvim-treesitter-context",
        "rev": "c931a3136a696c1827eda78ac678aea542115bd0",
        "type": "github"
      },
      "original": {
        "owner": "lewis6991",
        "repo": "nvim-treesitter-context",
        "type": "github"
      }
    },
    "nvim-ts-autotag": {
      "flake": false,
      "locked": {
        "lastModified": 1660219579,
        "narHash": "sha256-ltGiYNXWpWSI5RrWTVR+k6SZjcZbsHtH5m9uHTMKnzM=",
        "owner": "windwp",
        "repo": "nvim-ts-autotag",
        "rev": "fdefe46c6807441460f11f11a167a2baf8e4534b",
        "type": "github"
      },
      "original": {
        "owner": "windwp",
        "repo": "nvim-ts-autotag",
        "type": "github"
      }
    },
    "nvim-web-devicons": {
      "flake": false,
      "locked": {
        "lastModified": 1666002102,
        "narHash": "sha256-kpg9K8WtZHp5FP+23AQK3W0yQOK1ZB6z8kHvy8jcHxM=",
        "owner": "kyazdani42",
        "repo": "nvim-web-devicons",
        "rev": "9061e2d355ecaa2b588b71a35e7a11358a7e51e1",
        "type": "github"
      },
      "original": {
        "owner": "kyazdani42",
        "repo": "nvim-web-devicons",
        "type": "github"
      }
    },
    "onedark": {
      "flake": false,
      "locked": {
        "lastModified": 1666970163,
        "narHash": "sha256-MYs+M9+T/lQEBBfz7ARdG0j9KTOWm3gl+yLG94JKUss=",
        "owner": "navarasu",
        "repo": "onedark.nvim",
        "rev": "cad3d983e57f467ba8e8252b0567e96dde9a8f0d",
        "type": "github"
      },
      "original": {
        "owner": "navarasu",
        "repo": "onedark.nvim",
        "type": "github"
      }
    },
    "plenary-nvim": {
      "flake": false,
      "locked": {
        "lastModified": 1664607953,
        "narHash": "sha256-lIdBrVpi+vUudeotjFAuw4C0VT8TPoFE9cVVAQEsAYU=",
        "owner": "nvim-lua",
        "repo": "plenary.nvim",
        "rev": "4b7e52044bbb84242158d977a50c4cbcd85070c7",
        "type": "github"
      },
      "original": {
        "owner": "nvim-lua",
        "repo": "plenary.nvim",
        "type": "github"
      }
    },
    "registers": {
      "flake": false,
      "locked": {
        "lastModified": 1667311480,
        "narHash": "sha256-WzFbWPqQm0Y2QN2dMhmcxlRw1H9XY88qPuxtuzPRrlM=",
        "owner": "tversteeg",
        "repo": "registers.nvim",
        "rev": "395e119782845fe8fa3b7d6d17c60745a2004515",
        "type": "github"
      },
      "original": {
        "owner": "tversteeg",
        "repo": "registers.nvim",
        "type": "github"
      }
    },
    "rnix-lsp": {
      "inputs": {
        "naersk": "naersk",
        "nixpkgs": "nixpkgs_3",
        "utils": "utils"
      },
      "locked": {
        "lastModified": 1666639010,
        "narHash": "sha256-SKe5jEBHjjinb5R/fnJElwammKfof6zICc30E/we43Q=",
        "owner": "nix-community",
        "repo": "rnix-lsp",
        "rev": "7339d80b7bf415ea42d790e073fbd69d21d09db4",
        "type": "github"
      },
      "original": {
        "owner": "nix-community",
        "repo": "rnix-lsp",
        "type": "github"
      }
    },
    "root": {
      "inputs": {
        "flake-utils": "flake-utils",
        "my-nvim": "my-nvim",
        "nixpkgs": "nixpkgs_4"
      }
    },
    "rust-tools": {
      "flake": false,
      "locked": {
        "lastModified": 1662154544,
        "narHash": "sha256-zR+6LMgHxzqWuPYuTT5U4HKW+lbgOZ2Zw6LzArRpQ5g=",
        "owner": "simrat39",
        "repo": "rust-tools.nvim",
        "rev": "86a2b4e31f504c00715d0dd082a6b8b5d4afbf03",
        "type": "github"
      },
      "original": {
        "owner": "simrat39",
        "repo": "rust-tools.nvim",
        "type": "github"
      }
    },
    "sqls-nvim": {
      "flake": false,
      "locked": {
        "lastModified": 1657291129,
        "narHash": "sha256-tatUEAI8EVXDYQPAAZ5+38YOPWb8Ei9VHCzHp+AyRjc=",
        "owner": "nanotee",
        "repo": "sqls.nvim",
        "rev": "a0048b7018c99b68456f91b4aa42ce288f0c0774",
        "type": "github"
      },
      "original": {
        "owner": "nanotee",
        "repo": "sqls.nvim",
        "type": "github"
      }
    },
    "telescope": {
      "flake": false,
      "locked": {
        "lastModified": 1667227712,
        "narHash": "sha256-S3wcz/4LAlZawp7LvzkQZ+GwCHdCtdd1z/iMqvqTSO8=",
        "owner": "nvim-telescope",
        "repo": "telescope.nvim",
        "rev": "4bd4205028d6588cf2e0a1346687a6039b0f0a7c",
        "type": "github"
      },
      "original": {
        "owner": "nvim-telescope",
        "repo": "telescope.nvim",
        "type": "github"
      }
    },
    "todo-comments": {
      "flake": false,
      "locked": {
        "lastModified": 1666961860,
        "narHash": "sha256-8sSPpg6G/EHVCm2bZV5LZHn/+Kxdq47IEum4oWyrYa4=",
        "owner": "folke",
        "repo": "todo-comments.nvim",
        "rev": "530eb3a896e9eef270f00f4baafa102361afc93b",
        "type": "github"
      },
      "original": {
        "owner": "folke",
        "repo": "todo-comments.nvim",
        "type": "github"
      }
    },
    "tokyonight": {
      "flake": false,
      "locked": {
        "lastModified": 1666995755,
        "narHash": "sha256-Zqv1gd7VwIgW5tlFMrpUDSP/BcDg8jhIYT8Ofrb6gRk=",
        "owner": "folke",
        "repo": "tokyonight.nvim",
        "rev": "29e2c689c10679f723ae1deadf7f0067d394a545",
        "type": "github"
      },
      "original": {
        "owner": "folke",
        "repo": "tokyonight.nvim",
        "type": "github"
      }
    },
    "trouble": {
      "flake": false,
      "locked": {
        "lastModified": 1665747010,
        "narHash": "sha256-kpOJnyAStqx+R5iMLpHAiW1h8ljjnSAwKgvFi667M1Y=",
        "owner": "folke",
        "repo": "trouble.nvim",
        "rev": "ed65f84abc4a1e5d8f368d7e02601fc0357ea15e",
        "type": "github"
      },
      "original": {
        "owner": "folke",
        "repo": "trouble.nvim",
        "type": "github"
      }
    },
    "utils": {
      "locked": {
        "lastModified": 1656928814,
        "narHash": "sha256-RIFfgBuKz6Hp89yRr7+NR5tzIAbn52h8vT6vXkYjZoM=",
        "owner": "numtide",
        "repo": "flake-utils",
        "rev": "7e2a3b3dfd9af950a856d66b0a7d01e3c18aa249",
        "type": "github"
      },
      "original": {
        "owner": "numtide",
        "repo": "flake-utils",
        "type": "github"
      }
    },
    "vim-terraform": {
      "flake": false,
      "locked": {
        "lastModified": 1625940486,
        "narHash": "sha256-atyMKr5WChLBRDyO1KznH2LQzv5P+K+RQpQ71aeJB0k=",
        "owner": "hashivim",
        "repo": "vim-terraform",
        "rev": "f0b17ac9f1bbdf3a29dba8b17ab429b1eed5d443",
        "type": "github"
      },
      "original": {
        "owner": "hashivim",
        "repo": "vim-terraform",
        "type": "github"
      }
    },
    "vim-vsnip": {
      "flake": false,
      "locked": {
        "lastModified": 1667192140,
        "narHash": "sha256-MZ0vpBOXfwDuOrfRjTNfpc07+qEzjKWxrT9YTUucyX0=",
        "owner": "hrsh7th",
        "repo": "vim-vsnip",
        "rev": "ceeee48145d27f0b3986ab6f75f52a2449974603",
        "type": "github"
      },
      "original": {
        "owner": "hrsh7th",
        "repo": "vim-vsnip",
        "type": "github"
      }
    },
    "which-key": {
      "flake": false,
      "locked": {
        "lastModified": 1666956294,
        "narHash": "sha256-IbJP6j+M+POPhX4YbewTJiSoELvDo6y+vF0RREqqm4c=",
        "owner": "folke",
        "repo": "which-key.nvim",
        "rev": "61553aeb3d5ca8c11eea8be6eadf478062982ac9",
        "type": "github"
      },
      "original": {
        "owner": "folke",
        "repo": "which-key.nvim",
        "type": "github"
      }
    }
  },
  "root": "root",
  "version": 7
}
